<?xml version="1.0" encoding="utf-8"?>
<Project ToolsVersion="4.0" xmlns="http://schemas.microsoft.com/developer/msbuild/2003">
  <ItemGroup>
    <Filter Include="core">
      <UniqueIdentifier>{4E40957C-3A77-960D-E363-7C10CF79120F}</UniqueIdentifier>
    </Filter>
  </ItemGroup>
  <ItemGroup>
    <ClInclude Include="src\core\Core.h">
      <Filter>core</Filter>
    </ClInclude>
    <ClInclude Include="src\core\Ensemble.h">
      <Filter>core</Filter>
    </ClInclude>
    <ClInclude Include="src\core\EntryPoint.h">
      <Filter>core</Filter>
    </ClInclude>
    <ClInclude Include="src\core\Log.h">
      <Filter>core</Filter>
    </ClInclude>
    <ClInclude Include="src\core\Random.h">
      <Filter>core</Filter>
    </ClInclude>
    <ClInclude Include="src\core\ScopedTimer.h">
      <Filter>core</Filter>
    </ClInclude>
    <ClInclude Include="src\core\Simulation.h">
      <Filter>core</Filter>
    </ClInclude>
    <ClInclude Include="src\molecool.h" />
    <ClInclude Include="src\test.h" />
  </ItemGroup>
  <ItemGroup>
    <ClCompile Include="src\core\Ensemble.cpp">
      <Filter>core</Filter>
    </ClCompile>
    <ClCompile Include="src\core\Log.cpp">
      <Filter>core</Filter>
    </ClCompile>
    <ClCompile Include="src\core\Random.cpp">
      <Filter>core</Filter>
    </ClCompile>
    <ClCompile Include="src\core\Simulation.cpp">
      <Filter>core</Filter>
    </ClCompile>
    <ClCompile Include="src\test.cpp" />
  </ItemGroup>
</Project>